// !$*UTF8*$!
{
	archiveVersion = 1;
	classes = {
	};
	objectVersion = 48;
	objects = {

/* Begin PBXBuildFile section */
		2F2970401FF4D62E00A3EF12 /* AppDelegate.m in Sources */ = {isa = PBXBuildFile; fileRef = 2F29703F1FF4D62E00A3EF12 /* AppDelegate.m */; };
		2F2970431FF4D62E00A3EF12 /* ViewController.m in Sources */ = {isa = PBXBuildFile; fileRef = 2F2970421FF4D62E00A3EF12 /* ViewController.m */; };
		2F2970461FF4D62E00A3EF12 /* Main.storyboard in Resources */ = {isa = PBXBuildFile; fileRef = 2F2970441FF4D62E00A3EF12 /* Main.storyboard */; };
		2F2970481FF4D62E00A3EF12 /* Assets.xcassets in Resources */ = {isa = PBXBuildFile; fileRef = 2F2970471FF4D62E00A3EF12 /* Assets.xcassets */; };
		2F29704B1FF4D62E00A3EF12 /* LaunchScreen.storyboard in Resources */ = {isa = PBXBuildFile; fileRef = 2F2970491FF4D62E00A3EF12 /* LaunchScreen.storyboard */; };
		2F29704E1FF4D62E00A3EF12 /* main.m in Sources */ = {isa = PBXBuildFile; fileRef = 2F29704D1FF4D62E00A3EF12 /* main.m */; };
		2F29705B1FF4D68F00A3EF12 /* YX_ConditionsView.h in Sources */ = {isa = PBXBuildFile; fileRef = 2F2970581FF4D63900A3EF12 /* YX_ConditionsView.h */; };
		2F29705C1FF4D68F00A3EF12 /* YX_ConditionsView.m in Sources */ = {isa = PBXBuildFile; fileRef = 2F2970561FF4D63900A3EF12 /* YX_ConditionsView.m */; };
		2F29705D1FF4D68F00A3EF12 /* YX_ConditionFlowLayout.h in Sources */ = {isa = PBXBuildFile; fileRef = 2F2970591FF4D63900A3EF12 /* YX_ConditionFlowLayout.h */; };
		2F29705E1FF4D68F00A3EF12 /* YX_ConditionFlowLayout.m in Sources */ = {isa = PBXBuildFile; fileRef = 2F2970551FF4D63900A3EF12 /* YX_ConditionFlowLayout.m */; };
		2F29705F1FF4D68F00A3EF12 /* YX_ConditionFlowConfig.h in Sources */ = {isa = PBXBuildFile; fileRef = 2F2970571FF4D63900A3EF12 /* YX_ConditionFlowConfig.h */; };
		2F2970601FF4D68F00A3EF12 /* YX_ConditionFlowConfig.m in Sources */ = {isa = PBXBuildFile; fileRef = 2F29705A1FF4D63900A3EF12 /* YX_ConditionFlowConfig.m */; };
/* End PBXBuildFile section */

/* Begin PBXFileReference section */
		2F29703B1FF4D62E00A3EF12 /* ConditionView.app */ = {isa = PBXFileReference; explicitFileType = wrapper.application; includeInIndex = 0; path = ConditionView.app; sourceTree = BUILT_PRODUCTS_DIR; };
		2F29703E1FF4D62E00A3EF12 /* AppDelegate.h */ = {isa = PBXFileReference; lastKnownFileType = sourcecode.c.h; path = AppDelegate.h; sourceTree = "<group>"; };
		2F29703F1FF4D62E00A3EF12 /* AppDelegate.m */ = {isa = PBXFileReference; lastKnownFileType = sourcecode.c.objc; path = AppDelegate.m; sourceTree = "<group>"; };
		2F2970411FF4D62E00A3EF12 /* ViewController.h */ = {isa = PBXFileReference; lastKnownFileType = sourcecode.c.h; path = ViewController.h; sourceTree = "<group>"; };
		2F2970421FF4D62E00A3EF12 /* ViewController.m */ = {isa = PBXFileReference; lastKnownFileType = sourcecode.c.objc; path = ViewController.m; sourceTree = "<group>"; };
		2F2970451FF4D62E00A3EF12 /* Base */ = {isa = PBXFileReference; lastKnownFileType = file.storyboard; name = Base; path = Base.lproj/Main.storyboard; sourceTree = "<group>"; };
		2F2970471FF4D62E00A3EF12 /* Assets.xcassets */ = {isa = PBXFileReference; lastKnownFileType = folder.assetcatalog; path = Assets.xcassets; sourceTree = "<group>"; };
		2F29704A1FF4D62E00A3EF12 /* Base */ = {isa = PBXFileReference; lastKnownFileType = file.storyboard; name = Base; path = Base.lproj/LaunchScreen.storyboard; sourceTree = "<group>"; };
		2F29704C1FF4D62E00A3EF12 /* Info.plist */ = {isa = PBXFileReference; lastKnownFileType = text.plist.xml; path = Info.plist; sourceTree = "<group>"; };
		2F29704D1FF4D62E00A3EF12 /* main.m */ = {isa = PBXFileReference; lastKnownFileType = sourcecode.c.objc; path = main.m; sourceTree = "<group>"; };
		2F2970551FF4D63900A3EF12 /* YX_ConditionFlowLayout.m */ = {isa = PBXFileReference; lastKnownFileType = sourcecode.c.objc; path = YX_ConditionFlowLayout.m; sourceTree = "<group>"; };
		2F2970561FF4D63900A3EF12 /* YX_ConditionsView.m */ = {isa = PBXFileReference; lastKnownFileType = sourcecode.c.objc; path = YX_ConditionsView.m; sourceTree = "<group>"; };
		2F2970571FF4D63900A3EF12 /* YX_ConditionFlowConfig.h */ = {isa = PBXFileReference; lastKnownFileType = sourcecode.c.h; path = YX_ConditionFlowConfig.h; sourceTree = "<group>"; };
		2F2970581FF4D63900A3EF12 /* YX_ConditionsView.h */ = {isa = PBXFileReference; lastKnownFileType = sourcecode.c.h; path = YX_ConditionsView.h; sourceTree = "<group>"; };
		2F2970591FF4D63900A3EF12 /* YX_ConditionFlowLayout.h */ = {isa = PBXFileReference; lastKnownFileType = sourcecode.c.h; path = YX_ConditionFlowLayout.h; sourceTree = "<group>"; };
		2F29705A1FF4D63900A3EF12 /* YX_ConditionFlowConfig.m */ = {isa = PBXFileReference; lastKnownFileType = sourcecode.c.objc; path = YX_ConditionFlowConfig.m; sourceTree = "<group>"; };
/* End PBXFileReference section */

/* Begin PBXFrameworksBuildPhase section */
		2F2970381FF4D62E00A3EF12 /* Frameworks */ = {
			isa = PBXFrameworksBuildPhase;
			buildActionMask = 2147483647;
			files = (
			);
			runOnlyForDeploymentPostprocessing = 0;
		};
/* End PBXFrameworksBuildPhase section */

/* Begin PBXGroup section */
		2F2970321FF4D62E00A3EF12 = {
			isa = PBXGroup;
			children = (
				2F29703D1FF4D62E00A3EF12 /* ConditionView */,
				2F29703C1FF4D62E00A3EF12 /* Products */,
			);
			sourceTree = "<group>";
		};
		2F29703C1FF4D62E00A3EF12 /* Products */ = {
			isa = PBXGroup;
			children = (
				2F29703B1FF4D62E00A3EF12 /* ConditionView.app */,
			);
			name = Products;
			sourceTree = "<group>";
		};
		2F29703D1FF4D62E00A3EF12 /* ConditionView */ = {
			isa = PBXGroup;
			children = (
				2F2970541FF4D63900A3EF12 /* ConditionView */,
				2F29703E1FF4D62E00A3EF12 /* AppDelegate.h */,
				2F29703F1FF4D62E00A3EF12 /* AppDelegate.m */,
				2F2970411FF4D62E00A3EF12 /* ViewController.h */,
				2F2970421FF4D62E00A3EF12 /* ViewController.m */,
				2F2970441FF4D62E00A3EF12 /* Main.storyboard */,
				2F2970471FF4D62E00A3EF12 /* Assets.xcassets */,
				2F2970491FF4D62E00A3EF12 /* LaunchScreen.storyboard */,
				2F29704C1FF4D62E00A3EF12 /* Info.plist */,
				2F29704D1FF4D62E00A3EF12 /* main.m */,
			);
			path = ConditionView;
			sourceTree = "<group>";
		};
		2F2970541FF4D63900A3EF12 /* ConditionView */ = {
			isa = PBXGroup;
			children = (
				2F2970581FF4D63900A3EF12 /* YX_ConditionsView.h */,
				2F2970561FF4D63900A3EF12 /* YX_ConditionsView.m */,
				2F2970591FF4D63900A3EF12 /* YX_ConditionFlowLayout.h */,
				2F2970551FF4D63900A3EF12 /* YX_ConditionFlowLayout.m */,
				2F2970571FF4D63900A3EF12 /* YX_ConditionFlowConfig.h */,
				2F29705A1FF4D63900A3EF12 /* YX_ConditionFlowConfig.m */,
			);
			path = ConditionView;
			sourceTree = "<group>";
		};
/* End PBXGroup section */

/* Begin PBXNativeTarget section */
		2F29703A1FF4D62E00A3EF12 /* ConditionView */ = {
			isa = PBXNativeTarget;
			buildConfigurationList = 2F2970511FF4D62E00A3EF12 /* Build configuration list for PBXNativeTarget "ConditionView" */;
			buildPhases = (
				2F2970371FF4D62E00A3EF12 /* Sources */,
				2F2970381FF4D62E00A3EF12 /* Frameworks */,
				2F2970391FF4D62E00A3EF12 /* Resources */,
			);
			buildRules = (
			);
			dependencies = (
			);
			name = ConditionView;
			productName = ConditionView;
			productReference = 2F29703B1FF4D62E00A3EF12 /* ConditionView.app */;
			productType = "com.apple.product-type.application";
		};
/* End PBXNativeTarget section */

/* Begin PBXProject section */
		2F2970331FF4D62E00A3EF12 /* Project object */ = {
			isa = PBXProject;
			attributes = {
				LastUpgradeCheck = 0900;
				ORGANIZATIONNAME = WangJian;
				TargetAttributes = {
					2F29703A1FF4D62E00A3EF12 = {
						CreatedOnToolsVersion = 9.0;
						ProvisioningStyle = Automatic;
					};
				};
			};
			buildConfigurationList = 2F2970361FF4D62E00A3EF12 /* Build configuration list for PBXProject "ConditionView" */;
			compatibilityVersion = "Xcode 8.0";
			developmentRegion = en;
			hasScannedForEncodings = 0;
			knownRegions = (
				en,
				Base,
			);
			mainGroup = 2F2970321FF4D62E00A3EF12;
			productRefGroup = 2F29703C1FF4D62E00A3EF12 /* Products */;
			projectDirPath = "";
			projectRoot = "";
			targets = (
				2F29703A1FF4D62E00A3EF12 /* ConditionView */,
			);
		};
/* End PBXProject section */

/* Begin PBXResourcesBuildPhase section */
		2F2970391FF4D62E00A3EF12 /* Resources */ = {
			isa = PBXResourcesBuildPhase;
			buildActionMask = 2147483647;
			files = (
				2F29704B1FF4D62E00A3EF12 /* LaunchScreen.storyboard in Resources */,
				2F2970481FF4D62E00A3EF12 /* Assets.xcassets in Resources */,
				2F2970461FF4D62E00A3EF12 /* Main.storyboard in Resources */,
			);
			runOnlyForDeploymentPostprocessing = 0;
		};
/* End PBXResourcesBuildPhase section */

/* Begin PBXSourcesBuildPhase section */
		2F2970371FF4D62E00A3EF12 /* Sources */ = {
			isa = PBXSourcesBuildPhase;
			buildActionMask = 2147483647;
			files = (
				2F29705B1FF4D68F00A3EF12 /* YX_ConditionsView.h in Sources */,
				2F29705C1FF4D68F00A3EF12 /* YX_ConditionsView.m in Sources */,
				2F29705D1FF4D68F00A3EF12 /* YX_ConditionFlowLayout.h in Sources */,
				2F29705E1FF4D68F00A3EF12 /* YX_ConditionFlowLayout.m in Sources */,
				2F29705F1FF4D68F00A3EF12 /* YX_ConditionFlowConfig.h in Sources */,
				2F2970601FF4D68F00A3EF12 /* YX_ConditionFlowConfig.m in Sources */,
				2F2970431FF4D62E00A3EF12 /* ViewController.m in Sources */,
				2F29704E1FF4D62E00A3EF12 /* main.m in Sources */,
				2F2970401FF4D62E00A3EF12 /* AppDelegate.m in Sources */,
			);
			runOnlyForDeploymentPostprocessing = 0;
		};
/* End PBXSourcesBuildPhase section */

/* Begin PBXVariantGroup section */
		2F2970441FF4D62E00A3EF12 /* Main.storyboard */ = {
			isa = PBXVariantGroup;
			children = (
				2F2970451FF4D62E00A3EF12 /* Base */,
			);
			name = Main.storyboard;
			sourceTree = "<group>";
		};
		2F2970491FF4D62E00A3EF12 /* LaunchScreen.storyboard */ = {
			isa = PBXVariantGroup;
			children = (
				2F29704A1FF4D62E00A3EF12 /* Base */,
			);
			name = LaunchScreen.storyboard;
			sourceTree = "<group>";
		};
/* End PBXVariantGroup section */

/* Begin XCBuildConfiguration section */
		2F29704F1FF4D62E00A3EF12 /* Debug */ = {
			isa = XCBuildConfiguration;
			buildSettings = {
				ALWAYS_SEARCH_USER_PATHS = NO;
				CLANG_ANALYZER_NONNULL = YES;
				CLANG_ANALYZER_NUMBER_OBJECT_CONVERSION = YES_AGGRESSIVE;
				CLANG_CXX_LANGUAGE_STANDARD = "gnu++14";
				CLANG_CXX_LIBRARY = "libc++";
				CLANG_ENABLE_MODULES = YES;
				CLANG_ENABLE_OBJC_ARC = YES;
				CLANG_WARN_BLOCK_CAPTURE_AUTORELEASING = YES;
				CLANG_WARN_BOOL_CONVERSION = YES;
				CLANG_WARN_COMMA = YES;
				CLANG_WARN_CONSTANT_CONVERSION = YES;
				CLANG_WARN_DIRECT_OBJC_ISA_USAGE = YES_ERROR;
				CLANG_WARN_DOCUMENTATION_COMMENTS = YES;
				CLANG_WARN_EMPTY_BODY = YES;
				CLANG_WARN_ENUM_CONVERSION = YES;
				CLANG_WARN_INFINITE_RECURSION = YES;
				CLANG_WARN_INT_CONVERSION = YES;
				CLANG_WARN_NON_LITERAL_NULL_CONVERSION = YES;
				CLANG_WARN_OBJC_LITERAL_CONVERSION = YES;
				CLANG_WARN_OBJC_ROOT_CLASS = YES_ERROR;
				CLANG_WARN_RANGE_LOOP_ANALYSIS = YES;
				CLANG_WARN_STRICT_PROTOTYPES = YES;
				CLANG_WARN_SUSPICIOUS_MOVE = YES;
				CLANG_WARN_UNGUARDED_AVAILABILITY = YES_AGGRESSIVE;
				CLANG_WARN_UNREACHABLE_CODE = YES;
				CLANG_WARN__DUPLICATE_METHOD_MATCH = YES;
				CODE_SIGN_IDENTITY = "iPhone Developer";
				COPY_PHASE_STRIP = NO;
				DEBUG_INFORMATION_FORMAT = dwarf;
				ENABLE_STRICT_OBJC_MSGSEND = YES;
				ENABLE_TESTABILITY = YES;
				GCC_C_LANGUAGE_STANDARD = gnu11;
				GCC_DYNAMIC_NO_PIC = NO;
				GCC_NO_COMMON_BLOCKS = YES;
				GCC_OPTIMIZATION_LEVEL = 0;
				GCC_PREPROCESSOR_DEFINITIONS = (
					"DEBUG=1",
					"$(inherited)",
				);
				GCC_WARN_64_TO_32_BIT_CONVERSION = YES;
				GCC_WARN_ABOUT_RETURN_TYPE = YES_ERROR;
				GCC_WARN_UNDECLARED_SELECTOR = YES;
				GCC_WARN_UNINITIALIZED_AUTOS = YES_AGGRESSIVE;
				GCC_WARN_UNUSED_FUNCTION = YES;
				GCC_WARN_UNUSED_VARIABLE = YES;
				IPHONEOS_DEPLOYMENT_TARGET = 11.0;
				MTL_ENABLE_DEBUG_INFO = YES;
				ONLY_ACTIVE_ARCH = YES;
				SDKROOT = iphoneos;
			};
			name = Debug;
		};
		2F2970501FF4D62E00A3EF12 /* Release */ = {
			isa = XCBuildConfiguration;
			buildSettings = {
				ALWAYS_SEARCH_USER_PATHS = NO;
				CLANG_ANALYZER_NONNULL = YES;
				CLANG_ANALYZER_NUMBER_OBJECT_CONVERSION = YES_AGGRESSIVE;
				CLANG_CXX_LANGUAGE_STANDARD = "gnu++14";
				CLANG_CXX_LIBRARY = "libc++";
				CLANG_ENABLE_MODULES = YES;
				CLANG_ENABLE_OBJC_ARC = YES;
				CLANG_WARN_BLOCK_CAPTURE_AUTORELEASING = YES;
				CLANG_WARN_BOOL_CONVERSION = YES;
				CLANG_WARN_COMMA = YES;
				CLANG_WARN_CONSTANT_CONVERSION = YES;
				CLANG_WARN_DIRECT_OBJC_ISA_USAGE = YES_ERROR;
				CLANG_WARN_DOCUMENTATION_COMMENTS = YES;
				CLANG_WARN_EMPTY_BODY = YES;
				CLANG_WARN_ENUM_CONVERSION = YES;
				CLANG_WARN_INFINITE_RECURSION = YES;
				CLANG_WARN_INT_CONVERSION = YES;
				CLANG_WARN_NON_LITERAL_NULL_CONVERSION = YES;
				CLANG_WARN_OBJC_LITERAL_CONVERSION = YES;
				CLANG_WARN_OBJC_ROOT_CLASS = YES_ERROR;
				CLANG_WARN_RANGE_LOOP_ANALYSIS = YES;
				CLANG_WARN_STRICT_PROTOTYPES = YES;
				CLANG_WARN_SUSPICIOUS_MOVE = YES;
				CLANG_WARN_UNGUARDED_AVAILABILITY = YES_AGGRESSIVE;
				CLANG_WARN_UNREACHABLE_CODE = YES;
				CLANG_WARN__DUPLICATE_METHOD_MATCH = YES;
				CODE_SIGN_IDENTITY = "iPhone Developer";
				COPY_PHASE_STRIP = NO;
				DEBUG_INFORMATION_FORMAT = "dwarf-with-dsym";
				ENABLE_NS_ASSERTIONS = NO;
				ENABLE_STRICT_OBJC_MSGSEND = YES;
				GCC_C_LANGUAGE_STANDARD = gnu11;
				GCC_NO_COMMON_BLOCKS = YES;
				GCC_WARN_64_TO_32_BIT_CONVERSION = YES;
				GCC_WARN_ABOUT_RETURN_TYPE = YES_ERROR;
				GCC_WARN_UNDECLARED_SELECTOR = YES;
				GCC_WARN_UNINITIALIZED_AUTOS = YES_AGGRESSIVE;
				GCC_WARN_UNUSED_FUNCTION = YES;
				GCC_WARN_UNUSED_VARIABLE = YES;
				IPHONEOS_DEPLOYMENT_TARGET = 11.0;
				MTL_ENABLE_DEBUG_INFO = NO;
				SDKROOT = iphoneos;
				VALIDATE_PRODUCT = YES;
			};
			name = Release;
		};
		2F2970521FF4D62E00A3EF12 /* Debug */ = {
			isa = XCBuildConfiguration;
			buildSettings = {
				ASSETCATALOG_COMPILER_APPICON_NAME = AppIcon;
				CODE_SIGN_STYLE = Automatic;
				DEVELOPMENT_TEAM = 76VTYDAB8G;
				INFOPLIST_FILE = ConditionView/Info.plist;
				LD_RUNPATH_SEARCH_PATHS = "$(inherited) @executable_path/Frameworks";
				PRODUCT_BUNDLE_IDENTIFIER = Adward.ConditionView;
				PRODUCT_NAME = "$(TARGET_NAME)";
				TARGETED_DEVICE_FAMILY = "1,2";
			};
			name = Debug;
		};
		2F2970531FF4D62E00A3EF12 /* Release */ = {
			isa = XCBuildConfiguration;
			buildSettings = {
				ASSETCATALOG_COMPILER_APPICON_NAME = AppIcon;
				CODE_SIGN_STYLE = Automatic;
				DEVELOPMENT_TEAM = 76VTYDAB8G;
				INFOPLIST_FILE = ConditionView/Info.plist;
				LD_RUNPATH_SEARCH_PATHS = "$(inherited) @executable_path/Frameworks";
				PRODUCT_BUNDLE_IDENTIFIER = Adward.ConditionView;
				PRODUCT_NAME = "$(TARGET_NAME)";
				TARGETED_DEVICE_FAMILY = "1,2";
			};
			name = Release;
		};
/* End XCBuildConfiguration section */

/* Begin XCConfigurationList section */
		2F2970361FF4D62E00A3EF12 /* Build configuration list for PBXProject "ConditionView" */ = {
			isa = XCConfigurationList;
			buildConfigurations = (
				2F29704F1FF4D62E00A3EF12 /* Debug */,
				2F2970501FF4D62E00A3EF12 /* Release */,
			);
			defaultConfigurationIsVisible = 0;
			defaultConfigurationName = Release;
		};
		2F2970511FF4D62E00A3EF12 /* Build configuration list for PBXNativeTarget "ConditionView" */ = {
			isa = XCConfigurationList;
			buildConfigurations = (
				2F2970521FF4D62E00A3EF12 /* Debug */,
				2F2970531FF4D62E00A3EF12 /* Release */,
			);
			defaultConfigurationIsVisible = 0;
			defaultConfigurationName = Release;
		};
/* End XCConfigurationList section */
	};
	rootObject = 2F2970331FF4D62E00A3EF12 /* Project object */;
}
